# THIS IS AN AUTOGENERATED FILE. DO NOT EDIT THIS FILE DIRECTLY.
# yarn lockfile v1


ansi-regex@^2.0.0:
  version "2.1.1"
  resolved "https://registry.yarnpkg.com/ansi-regex/-/ansi-regex-2.1.1.tgz#c3b33ab5ee360d86e0e628f0468ae7ef27d654df"
  integrity sha1-w7M6te42DYbg5ijwRorn7yfWVN8=

ass-stringify@^0.1.1:
  version "0.1.3"
  resolved "https://registry.yarnpkg.com/ass-stringify/-/ass-stringify-0.1.3.tgz#33def35e9572682f1333eb1ae1ece192de5312b9"
  integrity sha1-M97zXpVyaC8TM+sa4ezhkt5TErk=
  dependencies:
    pick-values "^1.0.0"

async@>=0.2.9:
  version "2.6.2"
  resolved "https://registry.yarnpkg.com/async/-/async-2.6.2.tgz#18330ea7e6e313887f5d2f2a904bac6fe4dd5381"
  integrity sha512-H1qVYh1MYhEEFLsP97cVKqCGo7KfCyTt6uEWqsTBr9SO84oK9Uwbyd/yCW+6rKJLHksBNUVWZDAjfS+Ccx0Bbg==
  dependencies:
    lodash "^4.17.11"

camelcase@^2.0.1:
  version "2.1.1"
  resolved "https://registry.yarnpkg.com/camelcase/-/camelcase-2.1.1.tgz#7c1d16d679a1bbe59ca02cacecfb011e201f5a1f"
  integrity sha1-fB0W1nmhu+WcoCys7PsBHiAfWh8=

cliui@^3.0.3:
  version "3.2.0"
  resolved "https://registry.yarnpkg.com/cliui/-/cliui-3.2.0.tgz#120601537a916d29940f934da3b48d585a39213d"
  integrity sha1-EgYBU3qRbSmUD5NNo7SNWFo5IT0=
  dependencies:
    string-width "^1.0.1"
    strip-ansi "^3.0.1"
    wrap-ansi "^2.0.0"

code-point-at@^1.0.0:
  version "1.1.0"
  resolved "https://registry.yarnpkg.com/code-point-at/-/code-point-at-1.1.0.tgz#0d070b4d043a5bea33a2f1a40e2edb3d9a4ccf77"
  integrity sha1-DQcLTQQ6W+ozovGkDi7bPZpMz3c=

decamelize@^1.1.1:
  version "1.2.0"
  resolved "https://registry.yarnpkg.com/decamelize/-/decamelize-1.2.0.tgz#f6534d15148269b20352e7bee26f501f9a191290"
  integrity sha1-9lNNFRSCabIDUue+4m9QH5oZEpA=

fluent-ffmpeg@^2.0.0:
  version "2.1.2"
  resolved "https://registry.yarnpkg.com/fluent-ffmpeg/-/fluent-ffmpeg-2.1.2.tgz#c952de2240f812ebda0aa8006d7776ee2acf7d74"
  integrity sha1-yVLeIkD4EuvaCqgAbXd27irPfXQ=
  dependencies:
    async ">=0.2.9"
    which "^1.1.1"

fw@^0.1.2:
  version "0.1.2"
  resolved "https://registry.yarnpkg.com/fw/-/fw-0.1.2.tgz#3524f6793d16e83bc0124e945082c13093bd799a"
  integrity sha1-NST2eT0W6DvAEk6UUILBMJO9eZo=

invert-kv@^1.0.0:
  version "1.0.0"
  resolved "https://registry.yarnpkg.com/invert-kv/-/invert-kv-1.0.0.tgz#104a8e4aaca6d3d8cd157a8ef8bfab2d7a3ffdb6"
  integrity sha1-EEqOSqym09jNFXqO+L+rLXo//bY=

is-fullwidth-code-point@^1.0.0:
  version "1.0.0"
  resolved "https://registry.yarnpkg.com/is-fullwidth-code-point/-/is-fullwidth-code-point-1.0.0.tgz#ef9e31386f031a7f0d643af82fde50c457ef00cb"
  integrity sha1-754xOG8DGn8NZDr4L95QxFfvAMs=
  dependencies:
    number-is-nan "^1.0.0"

isexe@^2.0.0:
  version "2.0.0"
  resolved "https://registry.yarnpkg.com/isexe/-/isexe-2.0.0.tgz#e8fbf374dc556ff8947a10dcb0572d633f2cfa10"
  integrity sha1-6PvzdNxVb/iUehDcsFctYz8s+hA=

lcid@^1.0.0:
  version "1.0.0"
  resolved "https://registry.yarnpkg.com/lcid/-/lcid-1.0.0.tgz#308accafa0bc483a3867b4b6f2b9506251d1b835"
  integrity sha1-MIrMr6C8SDo4Z7S28rlQYlHRuDU=
  dependencies:
    invert-kv "^1.0.0"

lil-uuid@^0.1.0:
  version "0.1.1"
  resolved "https://registry.yarnpkg.com/lil-uuid/-/lil-uuid-0.1.1.tgz#f9edcf23f00e42bf43f0f843d98d8b53f3341f16"
  integrity sha1-+e3PI/AOQr9D8PhD2Y2LU/M0HxY=

lodash._arraycopy@^3.0.0:
  version "3.0.0"
  resolved "https://registry.yarnpkg.com/lodash._arraycopy/-/lodash._arraycopy-3.0.0.tgz#76e7b7c1f1fb92547374878a562ed06a3e50f6e1"
  integrity sha1-due3wfH7klRzdIeKVi7Qaj5Q9uE=

lodash._arrayeach@^3.0.0:
  version "3.0.0"
  resolved "https://registry.yarnpkg.com/lodash._arrayeach/-/lodash._arrayeach-3.0.0.tgz#bab156b2a90d3f1bbd5c653403349e5e5933ef9e"
  integrity sha1-urFWsqkNPxu9XGU0AzSeXlkz754=

lodash._basecopy@^3.0.0:
  version "3.0.1"
  resolved "https://registry.yarnpkg.com/lodash._basecopy/-/lodash._basecopy-3.0.1.tgz#8da0e6a876cf344c0ad8a54882111dd3c5c7ca36"
  integrity sha1-jaDmqHbPNEwK2KVIghEd08XHyjY=

lodash._basefor@^3.0.0:
  version "3.0.3"
  resolved "https://registry.yarnpkg.com/lodash._basefor/-/lodash._basefor-3.0.3.tgz#7550b4e9218ef09fad24343b612021c79b4c20c2"
  integrity sha1-dVC06SGO8J+tJDQ7YSAhx5tMIMI=

lodash._bindcallback@^3.0.0:
  version "3.0.1"
  resolved "https://registry.yarnpkg.com/lodash._bindcallback/-/lodash._bindcallback-3.0.1.tgz#e531c27644cf8b57a99e17ed95b35c748789392e"
  integrity sha1-5THCdkTPi1epnhftlbNcdIeJOS4=

lodash._createassigner@^3.0.0:
  version "3.1.1"
  resolved "https://registry.yarnpkg.com/lodash._createassigner/-/lodash._createassigner-3.1.1.tgz#838a5bae2fdaca63ac22dee8e19fa4e6d6970b11"
  integrity sha1-g4pbri/aymOsIt7o4Z+k5taXCxE=
  dependencies:
    lodash._bindcallback "^3.0.0"
    lodash._isiterateecall "^3.0.0"
    lodash.restparam "^3.0.0"

lodash._getnative@^3.0.0:
  version "3.9.1"
  resolved "https://registry.yarnpkg.com/lodash._getnative/-/lodash._getnative-3.9.1.tgz#570bc7dede46d61cdcde687d65d3eecbaa3aaff5"
  integrity sha1-VwvH3t5G1hzc3mh9ZdPuy6o6r/U=

lodash._isiterateecall@^3.0.0:
  version "3.0.9"
  resolved "https://registry.yarnpkg.com/lodash._isiterateecall/-/lodash._isiterateecall-3.0.9.tgz#5203ad7ba425fae842460e696db9cf3e6aac057c"
  integrity sha1-UgOte6Ql+uhCRg5pbbnPPmqsBXw=

lodash.isarguments@^3.0.0:
  version "3.1.0"
  resolved "https://registry.yarnpkg.com/lodash.isarguments/-/lodash.isarguments-3.1.0.tgz#2f573d85c6a24289ff00663b491c1d338ff3458a"
  integrity sha1-L1c9hcaiQon/AGY7SRwdM4/zRYo=

lodash.isarray@^3.0.0:
  version "3.0.4"
  resolved "https://registry.yarnpkg.com/lodash.isarray/-/lodash.isarray-3.0.4.tgz#79e4eb88c36a8122af86f844aa9bcd851b5fbb55"
  integrity sha1-eeTriMNqgSKvhvhEqpvNhRtfu1U=

lodash.isplainobject@^3.0.0:
  version "3.2.0"
  resolved "https://registry.yarnpkg.com/lodash.isplainobject/-/lodash.isplainobject-3.2.0.tgz#9a8238ae16b200432960cd7346512d0123fbf4c5"
  integrity sha1-moI4rhayAEMpYM1zRlEtASP79MU=
  dependencies:
    lodash._basefor "^3.0.0"
    lodash.isarguments "^3.0.0"
    lodash.keysin "^3.0.0"

lodash.istypedarray@^3.0.0:
  version "3.0.6"
  resolved "https://registry.yarnpkg.com/lodash.istypedarray/-/lodash.istypedarray-3.0.6.tgz#c9a477498607501d8e8494d283b87c39281cef62"
  integrity sha1-yaR3SYYHUB2OhJTSg7h8OSgc72I=

lodash.keys@^3.0.0:
  version "3.1.2"
  resolved "https://registry.yarnpkg.com/lodash.keys/-/lodash.keys-3.1.2.tgz#4dbc0472b156be50a0b286855d1bd0b0c656098a"
  integrity sha1-TbwEcrFWvlCgsoaFXRvQsMZWCYo=
  dependencies:
    lodash._getnative "^3.0.0"
    lodash.isarguments "^3.0.0"
    lodash.isarray "^3.0.0"

lodash.keysin@^3.0.0:
  version "3.0.8"
  resolved "https://registry.yarnpkg.com/lodash.keysin/-/lodash.keysin-3.0.8.tgz#22c4493ebbedb1427962a54b445b2c8a767fb47f"
  integrity sha1-IsRJPrvtsUJ5YqVLRFssinZ/tH8=
  dependencies:
    lodash.isarguments "^3.0.0"
    lodash.isarray "^3.0.0"

lodash.merge@^3.0.0:
  version "3.3.2"
  resolved "https://registry.yarnpkg.com/lodash.merge/-/lodash.merge-3.3.2.tgz#0d90d93ed637b1878437bb3e21601260d7afe994"
  integrity sha1-DZDZPtY3sYeEN7s+IWASYNev6ZQ=
  dependencies:
    lodash._arraycopy "^3.0.0"
    lodash._arrayeach "^3.0.0"
    lodash._createassigner "^3.0.0"
    lodash._getnative "^3.0.0"
    lodash.isarguments "^3.0.0"
    lodash.isarray "^3.0.0"
    lodash.isplainobject "^3.0.0"
    lodash.istypedarray "^3.0.0"
    lodash.keys "^3.0.0"
    lodash.keysin "^3.0.0"
    lodash.toplainobject "^3.0.0"

lodash.restparam@^3.0.0:
  version "3.6.1"
  resolved "https://registry.yarnpkg.com/lodash.restparam/-/lodash.restparam-3.6.1.tgz#936a4e309ef330a7645ed4145986c85ae5b20805"
  integrity sha1-k2pOMJ7zMKdkXtQUWYbIWuWyCAU=

lodash.toplainobject@^3.0.0:
  version "3.0.0"
  resolved "https://registry.yarnpkg.com/lodash.toplainobject/-/lodash.toplainobject-3.0.0.tgz#28790ad942d293d78aa663a07ecf7f52ca04198d"
  integrity sha1-KHkK2ULSk9eKpmOgfs9/UsoEGY0=
  dependencies:
    lodash._basecopy "^3.0.0"
    lodash.keysin "^3.0.0"

lodash@^4.17.11:
  version "4.17.11"
  resolved "https://registry.yarnpkg.com/lodash/-/lodash-4.17.11.tgz#b39ea6229ef607ecd89e2c8df12536891cac9b8d"
  integrity sha512-cQKh8igo5QUhZ7lg38DYWAxMvjSAKG0A8wGSVimP07SIUEK2UO+arSRKbRZWtelMtN5V0Hkwh5ryOto/SshYIg==

number-is-nan@^1.0.0:
  version "1.0.1"
  resolved "https://registry.yarnpkg.com/number-is-nan/-/number-is-nan-1.0.1.tgz#097b602b53422a522c1afb8790318336941a011d"
  integrity sha1-CXtgK1NCKlIsGvuHkDGDNpQaAR0=

os-locale@^1.4.0:
  version "1.4.0"
  resolved "https://registry.yarnpkg.com/os-locale/-/os-locale-1.4.0.tgz#20f9f17ae29ed345e8bde583b13d2009803c14d9"
  integrity sha1-IPnxeuKe00XoveWDsT0gCYA8FNk=
  dependencies:
    lcid "^1.0.0"

pick-values@^1.0.0:
  version "1.0.1"
  resolved "https://registry.yarnpkg.com/pick-values/-/pick-values-1.0.1.tgz#67b2d7734e593eb5ba082a54a0477560e374254d"
  integrity sha1-Z7LXc05ZPrW6CCpUoEd1YON0JU0=

string-width@^1.0.1:
  version "1.0.2"
  resolved "https://registry.yarnpkg.com/string-width/-/string-width-1.0.2.tgz#118bdf5b8cdc51a2a7e70d211e07e2b0b9b107d3"
  integrity sha1-EYvfW4zcUaKn5w0hHgfisLmxB9M=
  dependencies:
    code-point-at "^1.0.0"
    is-fullwidth-code-point "^1.0.0"
    strip-ansi "^3.0.0"

strip-ansi@^3.0.0, strip-ansi@^3.0.1:
  version "3.0.1"
  resolved "https://registry.yarnpkg.com/strip-ansi/-/strip-ansi-3.0.1.tgz#6a385fb8853d952d5ff05d0e8aaf94278dc63dcf"
  integrity sha1-ajhfuIU9lS1f8F0Oiq+UJ43GPc8=
  dependencies:
    ansi-regex "^2.0.0"

videoshow@^0.1.11:
  version "0.1.11"
  resolved "https://registry.yarnpkg.com/videoshow/-/videoshow-0.1.11.tgz#0ef7b00b8a7f474bf8550262387b658e02bbc32b"
  integrity sha1-DvewC4p/R0v4VQJiOHtljgK7wys=
  dependencies:
    ass-stringify "^0.1.1"
    fluent-ffmpeg "^2.0.0"
    fw "^0.1.2"
    lil-uuid "^0.1.0"
    lodash.merge "^3.0.0"
    yargs "^3.5.4"

which@^1.1.1:
  version "1.3.1"
  resolved "https://registry.yarnpkg.com/which/-/which-1.3.1.tgz#a45043d54f5805316da8d62f9f50918d3da70b0a"
  integrity sha512-HxJdYWq1MTIQbJ3nw0cqssHoTNU267KlrDuGZ1WYlxDStUtKUhOaJmh112/TZmHxxUfuJqPXSOm7tDyas0OSIQ==
  dependencies:
    isexe "^2.0.0"

window-size@^0.1.4:
  version "0.1.4"
  resolved "https://registry.yarnpkg.com/window-size/-/window-size-0.1.4.tgz#f8e1aa1ee5a53ec5bf151ffa09742a6ad7697876"
  integrity sha1-+OGqHuWlPsW/FR/6CXQqatdpeHY=

wrap-ansi@^2.0.0:
  version "2.1.0"
  resolved "https://registry.yarnpkg.com/wrap-ansi/-/wrap-ansi-2.1.0.tgz#d8fc3d284dd05794fe84973caecdd1cf824fdd85"
  integrity sha1-2Pw9KE3QV5T+hJc8rs3Rz4JP3YU=
  dependencies:
    string-width "^1.0.1"
    strip-ansi "^3.0.1"

y18n@^3.2.0:
  version "3.2.1"
  resolved "https://registry.yarnpkg.com/y18n/-/y18n-3.2.1.tgz#6d15fba884c08679c0d77e88e7759e811e07fa41"
  integrity sha1-bRX7qITAhnnA136I53WegR4H+kE=

yargs@^3.5.4:
  version "3.32.0"
  resolved "https://registry.yarnpkg.com/yargs/-/yargs-3.32.0.tgz#03088e9ebf9e756b69751611d2a5ef591482c995"
  integrity sha1-AwiOnr+edWtpdRYR0qXvWRSCyZU=
  dependencies:
    camelcase "^2.0.1"
    cliui "^3.0.3"
    decamelize "^1.1.1"
    os-locale "^1.4.0"
    string-width "^1.0.1"
    window-size "^0.1.4"
    y18n "^3.2.0"
